
Microsoft Visual Studio Solution File, Format Version 12.00
# Visual Studio 2012
Project("{8BC9CEB8-8B4A-11D0-8D11-00A0C91BC942}") = "ExerciseSet10_ex1", "ExerciseSet10_ex1\ExerciseSet10_ex1.vcxproj", "{D44DFD4E-E5D8-4544-BDD7-2EF53339BB8D}"
EndProject
Global
	GlobalSection(SolutionConfigurationPlatforms) = preSolution
		Debug|Win32 = Debug|Win32
		Release|Win32 = Release|Win32
	EndGlobalSection
	GlobalSection(ProjectConfigurationPlatforms) = postSolution
		{D44DFD4E-E5D8-4544-BDD7-2EF53339BB8D}.Debug|Win32.ActiveCfg = Debug|Win32
		{D44DFD4E-E5D8-4544-BDD7-2EF53339BB8D}.Debug|Win32.Build.0 = Debug|Win32
		{D44DFD4E-E5D8-4544-BDD7-2EF53339BB8D}.Release|Win32.ActiveCfg = Release|Win32
		{D44DFD4E-E5D8-4544-BDD7-2EF53339BB8D}.Release|Win32.Build.0 = Release|Win32
	EndGlobalSection
	GlobalSection(SolutionProperties) = preSolution
		HideSolutionNode = FALSE
	EndGlobalSection
EndGlobal
